// !$*UTF8*$!
{
	archiveVersion = 1;
	classes = {
	};
	objectVersion = 46;
	objects = {

/* Begin PBXBuildFile section */
		B96387F7189DC83C005356C7 /* Foundation.framework in Frameworks */ = {isa = PBXBuildFile; fileRef = B96387F6189DC83C005356C7 /* Foundation.framework */; };
		B96387F9189DC83C005356C7 /* CoreGraphics.framework in Frameworks */ = {isa = PBXBuildFile; fileRef = B96387F8189DC83C005356C7 /* CoreGraphics.framework */; };
		B96387FB189DC83C005356C7 /* UIKit.framework in Frameworks */ = {isa = PBXBuildFile; fileRef = B96387FA189DC83C005356C7 /* UIKit.framework */; };
		B9638801189DC83C005356C7 /* InfoPlist.strings in Resources */ = {isa = PBXBuildFile; fileRef = B96387FF189DC83C005356C7 /* InfoPlist.strings */; };
		B9638803189DC83C005356C7 /* main.m in Sources */ = {isa = PBXBuildFile; fileRef = B9638802189DC83C005356C7 /* main.m */; };
		B9638807189DC83C005356C7 /* bleTestingAppDelegate.m in Sources */ = {isa = PBXBuildFile; fileRef = B9638806189DC83C005356C7 /* bleTestingAppDelegate.m */; };
		B963880A189DC83C005356C7 /* Main.storyboard in Resources */ = {isa = PBXBuildFile; fileRef = B9638808189DC83C005356C7 /* Main.storyboard */; };
		B963880D189DC83C005356C7 /* bleTestingViewController.m in Sources */ = {isa = PBXBuildFile; fileRef = B963880C189DC83C005356C7 /* bleTestingViewController.m */; };
		B963880F189DC83C005356C7 /* Images.xcassets in Resources */ = {isa = PBXBuildFile; fileRef = B963880E189DC83C005356C7 /* Images.xcassets */; };
		B9638816189DC83C005356C7 /* XCTest.framework in Frameworks */ = {isa = PBXBuildFile; fileRef = B9638815189DC83C005356C7 /* XCTest.framework */; };
		B9638817189DC83C005356C7 /* Foundation.framework in Frameworks */ = {isa = PBXBuildFile; fileRef = B96387F6189DC83C005356C7 /* Foundation.framework */; };
		B9638818189DC83C005356C7 /* UIKit.framework in Frameworks */ = {isa = PBXBuildFile; fileRef = B96387FA189DC83C005356C7 /* UIKit.framework */; };
		B9638820189DC83C005356C7 /* InfoPlist.strings in Resources */ = {isa = PBXBuildFile; fileRef = B963881E189DC83C005356C7 /* InfoPlist.strings */; };
		B9638822189DC83C005356C7 /* bleTestTests.m in Sources */ = {isa = PBXBuildFile; fileRef = B9638821189DC83C005356C7 /* bleTestTests.m */; };
		B963882F189DC87D005356C7 /* BLE.m in Sources */ = {isa = PBXBuildFile; fileRef = B963882D189DC87D005356C7 /* BLE.m */; };
/* End PBXBuildFile section */

/* Begin PBXContainerItemProxy section */
		B9638819189DC83C005356C7 /* PBXContainerItemProxy */ = {
			isa = PBXContainerItemProxy;
			containerPortal = B96387EB189DC83B005356C7 /* Project object */;
			proxyType = 1;
			remoteGlobalIDString = B96387F2189DC83C005356C7;
			remoteInfo = bleTest;
		};
/* End PBXContainerItemProxy section */

/* Begin PBXFileReference section */
		B96387F3189DC83C005356C7 /* bleTest.app */ = {isa = PBXFileReference; explicitFileType = wrapper.application; includeInIndex = 0; path = bleTest.app; sourceTree = BUILT_PRODUCTS_DIR; };
		B96387F6189DC83C005356C7 /* Foundation.framework */ = {isa = PBXFileReference; lastKnownFileType = wrapper.framework; name = Foundation.framework; path = System/Library/Frameworks/Foundation.framework; sourceTree = SDKROOT; };
		B96387F8189DC83C005356C7 /* CoreGraphics.framework */ = {isa = PBXFileReference; lastKnownFileType = wrapper.framework; name = CoreGraphics.framework; path = System/Library/Frameworks/CoreGraphics.framework; sourceTree = SDKROOT; };
		B96387FA189DC83C005356C7 /* UIKit.framework */ = {isa = PBXFileReference; lastKnownFileType = wrapper.framework; name = UIKit.framework; path = System/Library/Frameworks/UIKit.framework; sourceTree = SDKROOT; };
		B96387FE189DC83C005356C7 /* bleTest-Info.plist */ = {isa = PBXFileReference; lastKnownFileType = text.plist.xml; path = "bleTest-Info.plist"; sourceTree = "<group>"; };
		B9638800189DC83C005356C7 /* en */ = {isa = PBXFileReference; lastKnownFileType = text.plist.strings; name = en; path = en.lproj/InfoPlist.strings; sourceTree = "<group>"; };
		B9638802189DC83C005356C7 /* main.m */ = {isa = PBXFileReference; lastKnownFileType = sourcecode.c.objc; path = main.m; sourceTree = "<group>"; };
		B9638804189DC83C005356C7 /* bleTest-Prefix.pch */ = {isa = PBXFileReference; lastKnownFileType = sourcecode.c.h; path = "bleTest-Prefix.pch"; sourceTree = "<group>"; };
		B9638805189DC83C005356C7 /* bleTestingAppDelegate.h */ = {isa = PBXFileReference; lastKnownFileType = sourcecode.c.h; path = bleTestingAppDelegate.h; sourceTree = "<group>"; };
		B9638806189DC83C005356C7 /* bleTestingAppDelegate.m */ = {isa = PBXFileReference; lastKnownFileType = sourcecode.c.objc; path = bleTestingAppDelegate.m; sourceTree = "<group>"; };
		B9638809189DC83C005356C7 /* Base */ = {isa = PBXFileReference; lastKnownFileType = file.storyboard; name = Base; path = Base.lproj/Main.storyboard; sourceTree = "<group>"; };
		B963880B189DC83C005356C7 /* bleTestingViewController.h */ = {isa = PBXFileReference; lastKnownFileType = sourcecode.c.h; path = bleTestingViewController.h; sourceTree = "<group>"; };
		B963880C189DC83C005356C7 /* bleTestingViewController.m */ = {isa = PBXFileReference; lastKnownFileType = sourcecode.c.objc; path = bleTestingViewController.m; sourceTree = "<group>"; };
		B963880E189DC83C005356C7 /* Images.xcassets */ = {isa = PBXFileReference; lastKnownFileType = folder.assetcatalog; path = Images.xcassets; sourceTree = "<group>"; };
		B9638814189DC83C005356C7 /* bleTestTests.xctest */ = {isa = PBXFileReference; explicitFileType = wrapper.cfbundle; includeInIndex = 0; path = bleTestTests.xctest; sourceTree = BUILT_PRODUCTS_DIR; };
		B9638815189DC83C005356C7 /* XCTest.framework */ = {isa = PBXFileReference; lastKnownFileType = wrapper.framework; name = XCTest.framework; path = Library/Frameworks/XCTest.framework; sourceTree = DEVELOPER_DIR; };
		B963881D189DC83C005356C7 /* bleTestTests-Info.plist */ = {isa = PBXFileReference; lastKnownFileType = text.plist.xml; path = "bleTestTests-Info.plist"; sourceTree = "<group>"; };
		B963881F189DC83C005356C7 /* en */ = {isa = PBXFileReference; lastKnownFileType = text.plist.strings; name = en; path = en.lproj/InfoPlist.strings; sourceTree = "<group>"; };
		B9638821189DC83C005356C7 /* bleTestTests.m */ = {isa = PBXFileReference; lastKnownFileType = sourcecode.c.objc; path = bleTestTests.m; sourceTree = "<group>"; };
		B963882C189DC87D005356C7 /* BLE.h */ = {isa = PBXFileReference; fileEncoding = 4; lastKnownFileType = sourcecode.c.h; path = BLE.h; sourceTree = "<group>"; };
		B963882D189DC87D005356C7 /* BLE.m */ = {isa = PBXFileReference; fileEncoding = 4; lastKnownFileType = sourcecode.c.objc; path = BLE.m; sourceTree = "<group>"; };
		B963882E189DC87D005356C7 /* BLEDefines.h */ = {isa = PBXFileReference; fileEncoding = 4; lastKnownFileType = sourcecode.c.h; path = BLEDefines.h; sourceTree = "<group>"; };
/* End PBXFileReference section */

/* Begin PBXFrameworksBuildPhase section */
		B96387F0189DC83C005356C7 /* Frameworks */ = {
			isa = PBXFrameworksBuildPhase;
			buildActionMask = 2147483647;
			files = (
				B96387F9189DC83C005356C7 /* CoreGraphics.framework in Frameworks */,
				B96387FB189DC83C005356C7 /* UIKit.framework in Frameworks */,
				B96387F7189DC83C005356C7 /* Foundation.framework in Frameworks */,
			);
			runOnlyForDeploymentPostprocessing = 0;
		};
		B9638811189DC83C005356C7 /* Frameworks */ = {
			isa = PBXFrameworksBuildPhase;
			buildActionMask = 2147483647;
			files = (
				B9638816189DC83C005356C7 /* XCTest.framework in Frameworks */,
				B9638818189DC83C005356C7 /* UIKit.framework in Frameworks */,
				B9638817189DC83C005356C7 /* Foundation.framework in Frameworks */,
			);
			runOnlyForDeploymentPostprocessing = 0;
		};
/* End PBXFrameworksBuildPhase section */

/* Begin PBXGroup section */
		B96387EA189DC83B005356C7 = {
			isa = PBXGroup;
			children = (
				B96387FC189DC83C005356C7 /* bleTest */,
				B963881B189DC83C005356C7 /* bleTestTests */,
				B96387F5189DC83C005356C7 /* Frameworks */,
				B96387F4189DC83C005356C7 /* Products */,
			);
			sourceTree = "<group>";
		};
		B96387F4189DC83C005356C7 /* Products */ = {
			isa = PBXGroup;
			children = (
				B96387F3189DC83C005356C7 /* bleTest.app */,
				B9638814189DC83C005356C7 /* bleTestTests.xctest */,
			);
			name = Products;
			sourceTree = "<group>";
		};
		B96387F5189DC83C005356C7 /* Frameworks */ = {
			isa = PBXGroup;
			children = (
				B963882B189DC87D005356C7 /* BLE */,
				B96387F6189DC83C005356C7 /* Foundation.framework */,
				B96387F8189DC83C005356C7 /* CoreGraphics.framework */,
				B96387FA189DC83C005356C7 /* UIKit.framework */,
				B9638815189DC83C005356C7 /* XCTest.framework */,
			);
			name = Frameworks;
			sourceTree = "<group>";
		};
		B96387FC189DC83C005356C7 /* bleTest */ = {
			isa = PBXGroup;
			children = (
				B9638808189DC83C005356C7 /* Main.storyboard */,
				B963880B189DC83C005356C7 /* bleTestingViewController.h */,
				B963880C189DC83C005356C7 /* bleTestingViewController.m */,
				B963880E189DC83C005356C7 /* Images.xcassets */,
				B96387FD189DC83C005356C7 /* Supporting Files */,
			);
			path = bleTest;
			sourceTree = "<group>";
		};
		B96387FD189DC83C005356C7 /* Supporting Files */ = {
			isa = PBXGroup;
			children = (
				B9638805189DC83C005356C7 /* bleTestingAppDelegate.h */,
				B9638806189DC83C005356C7 /* bleTestingAppDelegate.m */,
				B96387FE189DC83C005356C7 /* bleTest-Info.plist */,
				B96387FF189DC83C005356C7 /* InfoPlist.strings */,
				B9638802189DC83C005356C7 /* main.m */,
				B9638804189DC83C005356C7 /* bleTest-Prefix.pch */,
			);
			name = "Supporting Files";
			sourceTree = "<group>";
		};
		B963881B189DC83C005356C7 /* bleTestTests */ = {
			isa = PBXGroup;
			children = (
				B9638821189DC83C005356C7 /* bleTestTests.m */,
				B963881C189DC83C005356C7 /* Supporting Files */,
			);
			path = bleTestTests;
			sourceTree = "<group>";
		};
		B963881C189DC83C005356C7 /* Supporting Files */ = {
			isa = PBXGroup;
			children = (
				B963881D189DC83C005356C7 /* bleTestTests-Info.plist */,
				B963881E189DC83C005356C7 /* InfoPlist.strings */,
			);
			name = "Supporting Files";
			sourceTree = "<group>";
		};
		B963882B189DC87D005356C7 /* BLE */ = {
			isa = PBXGroup;
			children = (
				B963882C189DC87D005356C7 /* BLE.h */,
				B963882D189DC87D005356C7 /* BLE.m */,
				B963882E189DC87D005356C7 /* BLEDefines.h */,
			);
			name = BLE;
			path = ../../Desktop/iOS/BLEFramework/BLE;
			sourceTree = "<group>";
		};
/* End PBXGroup section */

/* Begin PBXNativeTarget section */
		B96387F2189DC83C005356C7 /* bleTest */ = {
			isa = PBXNativeTarget;
			buildConfigurationList = B9638825189DC83C005356C7 /* Build configuration list for PBXNativeTarget "bleTest" */;
			buildPhases = (
				B96387EF189DC83C005356C7 /* Sources */,
				B96387F0189DC83C005356C7 /* Frameworks */,
				B96387F1189DC83C005356C7 /* Resources */,
			);
			buildRules = (
			);
			dependencies = (
			);
			name = bleTest;
			productName = bleTest;
			productReference = B96387F3189DC83C005356C7 /* bleTest.app */;
			productType = "com.apple.product-type.application";
		};
		B9638813189DC83C005356C7 /* bleTestTests */ = {
			isa = PBXNativeTarget;
			buildConfigurationList = B9638828189DC83C005356C7 /* Build configuration list for PBXNativeTarget "bleTestTests" */;
			buildPhases = (
				B9638810189DC83C005356C7 /* Sources */,
				B9638811189DC83C005356C7 /* Frameworks */,
				B9638812189DC83C005356C7 /* Resources */,
			);
			buildRules = (
			);
			dependencies = (
				B963881A189DC83C005356C7 /* PBXTargetDependency */,
			);
			name = bleTestTests;
			productName = bleTestTests;
			productReference = B9638814189DC83C005356C7 /* bleTestTests.xctest */;
			productType = "com.apple.product-type.bundle.unit-test";
		};
/* End PBXNativeTarget section */

/* Begin PBXProject section */
		B96387EB189DC83B005356C7 /* Project object */ = {
			isa = PBXProject;
			attributes = {
				CLASSPREFIX = bleTesting;
				LastUpgradeCheck = 0500;
				ORGANIZATIONNAME = "Karen Yee";
				TargetAttributes = {
					B9638813189DC83C005356C7 = {
						TestTargetID = B96387F2189DC83C005356C7;
					};
				};
			};
			buildConfigurationList = B96387EE189DC83B005356C7 /* Build configuration list for PBXProject "bleTest" */;
			compatibilityVersion = "Xcode 3.2";
			developmentRegion = English;
			hasScannedForEncodings = 0;
			knownRegions = (
				en,
				Base,
			);
			mainGroup = B96387EA189DC83B005356C7;
			productRefGroup = B96387F4189DC83C005356C7 /* Products */;
			projectDirPath = "";
			projectRoot = "";
			targets = (
				B96387F2189DC83C005356C7 /* bleTest */,
				B9638813189DC83C005356C7 /* bleTestTests */,
			);
		};
/* End PBXProject section */

/* Begin PBXResourcesBuildPhase section */
		B96387F1189DC83C005356C7 /* Resources */ = {
			isa = PBXResourcesBuildPhase;
			buildActionMask = 2147483647;
			files = (
				B963880F189DC83C005356C7 /* Images.xcassets in Resources */,
				B9638801189DC83C005356C7 /* InfoPlist.strings in Resources */,
				B963880A189DC83C005356C7 /* Main.storyboard in Resources */,
			);
			runOnlyForDeploymentPostprocessing = 0;
		};
		B9638812189DC83C005356C7 /* Resources */ = {
			isa = PBXResourcesBuildPhase;
			buildActionMask = 2147483647;
			files = (
				B9638820189DC83C005356C7 /* InfoPlist.strings in Resources */,
			);
			runOnlyForDeploymentPostprocessing = 0;
		};
/* End PBXResourcesBuildPhase section */

/* Begin PBXSourcesBuildPhase section */
		B96387EF189DC83C005356C7 /* Sources */ = {
			isa = PBXSourcesBuildPhase;
			buildActionMask = 2147483647;
			files = (
				B963880D189DC83C005356C7 /* bleTestingViewController.m in Sources */,
				B9638803189DC83C005356C7 /* main.m in Sources */,
				B9638807189DC83C005356C7 /* bleTestingAppDelegate.m in Sources */,
				B963882F189DC87D005356C7 /* BLE.m in Sources */,
			);
			runOnlyForDeploymentPostprocessing = 0;
		};
		B9638810189DC83C005356C7 /* Sources */ = {
			isa = PBXSourcesBuildPhase;
			buildActionMask = 2147483647;
			files = (
				B9638822189DC83C005356C7 /* bleTestTests.m in Sources */,
			);
			runOnlyForDeploymentPostprocessing = 0;
		};
/* End PBXSourcesBuildPhase section */

/* Begin PBXTargetDependency section */
		B963881A189DC83C005356C7 /* PBXTargetDependency */ = {
			isa = PBXTargetDependency;
			target = B96387F2189DC83C005356C7 /* bleTest */;
			targetProxy = B9638819189DC83C005356C7 /* PBXContainerItemProxy */;
		};
/* End PBXTargetDependency section */

/* Begin PBXVariantGroup section */
		B96387FF189DC83C005356C7 /* InfoPlist.strings */ = {
			isa = PBXVariantGroup;
			children = (
				B9638800189DC83C005356C7 /* en */,
			);
			name = InfoPlist.strings;
			sourceTree = "<group>";
		};
		B9638808189DC83C005356C7 /* Main.storyboard */ = {
			isa = PBXVariantGroup;
			children = (
				B9638809189DC83C005356C7 /* Base */,
			);
			name = Main.storyboard;
			sourceTree = "<group>";
		};
		B963881E189DC83C005356C7 /* InfoPlist.strings */ = {
			isa = PBXVariantGroup;
			children = (
				B963881F189DC83C005356C7 /* en */,
			);
			name = InfoPlist.strings;
			sourceTree = "<group>";
		};
/* End PBXVariantGroup section */

/* Begin XCBuildConfiguration section */
		B9638823189DC83C005356C7 /* Debug */ = {
			isa = XCBuildConfiguration;
			buildSettings = {
				ALWAYS_SEARCH_USER_PATHS = NO;
				ARCHS = "$(ARCHS_STANDARD_INCLUDING_64_BIT)";
				CLANG_CXX_LANGUAGE_STANDARD = "gnu++0x";
				CLANG_CXX_LIBRARY = "libc++";
				CLANG_ENABLE_MODULES = YES;
				CLANG_ENABLE_OBJC_ARC = YES;
				CLANG_WARN_BOOL_CONVERSION = YES;
				CLANG_WARN_CONSTANT_CONVERSION = YES;
				CLANG_WARN_DIRECT_OBJC_ISA_USAGE = YES_ERROR;
				CLANG_WARN_EMPTY_BODY = YES;
				CLANG_WARN_ENUM_CONVERSION = YES;
				CLANG_WARN_INT_CONVERSION = YES;
				CLANG_WARN_OBJC_ROOT_CLASS = YES_ERROR;
				CLANG_WARN__DUPLICATE_METHOD_MATCH = YES;
				"CODE_SIGN_IDENTITY[sdk=iphoneos*]" = "iPhone Developer";
				COPY_PHASE_STRIP = NO;
				GCC_C_LANGUAGE_STANDARD = gnu99;
				GCC_DYNAMIC_NO_PIC = NO;
				GCC_OPTIMIZATION_LEVEL = 0;
				GCC_PREPROCESSOR_DEFINITIONS = (
					"DEBUG=1",
					"$(inherited)",
				);
				GCC_SYMBOLS_PRIVATE_EXTERN = NO;
				GCC_WARN_64_TO_32_BIT_CONVERSION = YES;
				GCC_WARN_ABOUT_RETURN_TYPE = YES_ERROR;
				GCC_WARN_UNDECLARED_SELECTOR = YES;
				GCC_WARN_UNINITIALIZED_AUTOS = YES;
				GCC_WARN_UNUSED_FUNCTION = YES;
				GCC_WARN_UNUSED_VARIABLE = YES;
				IPHONEOS_DEPLOYMENT_TARGET = 7.0;
				ONLY_ACTIVE_ARCH = YES;
				SDKROOT = iphoneos;
			};
			name = Debug;
		};
		B9638824189DC83C005356C7 /* Release */ = {
			isa = XCBuildConfiguration;
			buildSettings = {
				ALWAYS_SEARCH_USER_PATHS = NO;
				ARCHS = "$(ARCHS_STANDARD_INCLUDING_64_BIT)";
				CLANG_CXX_LANGUAGE_STANDARD = "gnu++0x";
				CLANG_CXX_LIBRARY = "libc++";
				CLANG_ENABLE_MODULES = YES;
				CLANG_ENABLE_OBJC_ARC = YES;
				CLANG_WARN_BOOL_CONVERSION = YES;
				CLANG_WARN_CONSTANT_CONVERSION = YES;
				CLANG_WARN_DIRECT_OBJC_ISA_USAGE = YES_ERROR;
				CLANG_WARN_EMPTY_BODY = YES;
				CLANG_WARN_ENUM_CONVERSION = YES;
				CLANG_WARN_INT_CONVERSION = YES;
				CLANG_WARN_OBJC_ROOT_CLASS = YES_ERROR;
				CLANG_WARN__DUPLICATE_METHOD_MATCH = YES;
				"CODE_SIGN_IDENTITY[sdk=iphoneos*]" = "iPhone Developer";
				COPY_PHASE_STRIP = YES;
				ENABLE_NS_ASSERTIONS = NO;
				GCC_C_LANGUAGE_STANDARD = gnu99;
				GCC_WARN_64_TO_32_BIT_CONVERSION = YES;
				GCC_WARN_ABOUT_RETURN_TYPE = YES_ERROR;
				GCC_WARN_UNDECLARED_SELECTOR = YES;
				GCC_WARN_UNINITIALIZED_AUTOS = YES;
				GCC_WARN_UNUSED_FUNCTION = YES;
				GCC_WARN_UNUSED_VARIABLE = YES;
				IPHONEOS_DEPLOYMENT_TARGET = 7.0;
				SDKROOT = iphoneos;
				VALIDATE_PRODUCT = YES;
			};
			name = Release;
		};
		B9638826189DC83C005356C7 /* Debug */ = {
			isa = XCBuildConfiguration;
			buildSettings = {
				ASSETCATALOG_COMPILER_APPICON_NAME = AppIcon;
				ASSETCATALOG_COMPILER_LAUNCHIMAGE_NAME = LaunchImage;
				GCC_PRECOMPILE_PREFIX_HEADER = YES;
				GCC_PREFIX_HEADER = "bleTest/bleTest-Prefix.pch";
				INFOPLIST_FILE = "bleTest/bleTest-Info.plist";
				PRODUCT_NAME = "$(TARGET_NAME)";
				WRAPPER_EXTENSION = app;
			};
			name = Debug;
		};
		B9638827189DC83C005356C7 /* Release */ = {
			isa = XCBuildConfiguration;
			buildSettings = {
				ASSETCATALOG_COMPILER_APPICON_NAME = AppIcon;
				ASSETCATALOG_COMPILER_LAUNCHIMAGE_NAME = LaunchImage;
				GCC_PRECOMPILE_PREFIX_HEADER = YES;
				GCC_PREFIX_HEADER = "bleTest/bleTest-Prefix.pch";
				INFOPLIST_FILE = "bleTest/bleTest-Info.plist";
				PRODUCT_NAME = "$(TARGET_NAME)";
				WRAPPER_EXTENSION = app;
			};
			name = Release;
		};
		B9638829189DC83C005356C7 /* Debug */ = {
			isa = XCBuildConfiguration;
			buildSettings = {
				ARCHS = "$(ARCHS_STANDARD_INCLUDING_64_BIT)";
				BUNDLE_LOADER = "$(BUILT_PRODUCTS_DIR)/bleTest.app/bleTest";
				FRAMEWORK_SEARCH_PATHS = (
					"$(SDKROOT)/Developer/Library/Frameworks",
					"$(inherited)",
					"$(DEVELOPER_FRAMEWORKS_DIR)",
				);
				GCC_PRECOMPILE_PREFIX_HEADER = YES;
				GCC_PREFIX_HEADER = "bleTest/bleTest-Prefix.pch";
				GCC_PREPROCESSOR_DEFINITIONS = (
					"DEBUG=1",
					"$(inherited)",
				);
				INFOPLIST_FILE = "bleTestTests/bleTestTests-Info.plist";
				PRODUCT_NAME = "$(TARGET_NAME)";
				TEST_HOST = "$(BUNDLE_LOADER)";
				WRAPPER_EXTENSION = xctest;
			};
			name = Debug;
		};
		B963882A189DC83C005356C7 /* Release */ = {
			isa = XCBuildConfiguration;
			buildSettings = {
				ARCHS = "$(ARCHS_STANDARD_INCLUDING_64_BIT)";
				BUNDLE_LOADER = "$(BUILT_PRODUCTS_DIR)/bleTest.app/bleTest";
				FRAMEWORK_SEARCH_PATHS = (
					"$(SDKROOT)/Developer/Library/Frameworks",
					"$(inherited)",
					"$(DEVELOPER_FRAMEWORKS_DIR)",
				);
				GCC_PRECOMPILE_PREFIX_HEADER = YES;
				GCC_PREFIX_HEADER = "bleTest/bleTest-Prefix.pch";
				INFOPLIST_FILE = "bleTestTests/bleTestTests-Info.plist";
				PRODUCT_NAME = "$(TARGET_NAME)";
				TEST_HOST = "$(BUNDLE_LOADER)";
				WRAPPER_EXTENSION = xctest;
			};
			name = Release;
		};
/* End XCBuildConfiguration section */

/* Begin XCConfigurationList section */
		B96387EE189DC83B005356C7 /* Build configuration list for PBXProject "bleTest" */ = {
			isa = XCConfigurationList;
			buildConfigurations = (
				B9638823189DC83C005356C7 /* Debug */,
				B9638824189DC83C005356C7 /* Release */,
			);
			defaultConfigurationIsVisible = 0;
			defaultConfigurationName = Release;
		};
		B9638825189DC83C005356C7 /* Build configuration list for PBXNativeTarget "bleTest" */ = {
			isa = XCConfigurationList;
			buildConfigurations = (
				B9638826189DC83C005356C7 /* Debug */,
				B9638827189DC83C005356C7 /* Release */,
			);
			defaultConfigurationIsVisible = 0;
		};
		B9638828189DC83C005356C7 /* Build configuration list for PBXNativeTarget "bleTestTests" */ = {
			isa = XCConfigurationList;
			buildConfigurations = (
				B9638829189DC83C005356C7 /* Debug */,
				B963882A189DC83C005356C7 /* Release */,
			);
			defaultConfigurationIsVisible = 0;
		};
/* End XCConfigurationList section */
	};
	rootObject = B96387EB189DC83B005356C7 /* Project object */;
}
